hash: 482761cbcbb80923d505ca70ed7bcfdeeb678bafd7062854614e3902241a08a4
updated: 2019-03-11T16:57:06.600892-04:00
imports:
- name: github.com/alecthomas/template
  version: a0175ee3bccc567396460bf5acd36800cb10c49c
  subpackages:
  - parse
- name: github.com/alecthomas/units
  version: 2efee857e7cfd4f3d0138cc3cbb1b4966962b93a
- name: github.com/andybalholm/cascadia
  version: 680b6a57bda4f657485ad44bdea42342ead737bc
- name: github.com/bmatcuk/doublestar
  version: 85a78806aa1b4707d1dbace9be592cf1ece91ab3
- name: github.com/drhodes/goLorem
  version: ecccc744c2d953a1e13cbe5e5fc5d4cbc9b8daeb
- name: github.com/fatih/color
  version: 3f9d52f7176a6927daacff70a3e8d1dc2025c53e
- name: github.com/go-errors/errors
  version: d98b870cc4e05f1545532a80e9909be8216095b6
- name: github.com/google/uuid
  version: 064e2069ce9c359c118179501254f67d7d37ba24
- name: github.com/hashicorp/hcl
  version: 65a6292f0157eff210d03ed1bf6c59b190b8b906
  subpackages:
  - hcl/ast
  - hcl/parser
  - hcl/scanner
  - hcl/strconv
  - hcl/token
  - json/parser
  - json/scanner
  - json/token
- name: github.com/huandu/xstrings
  version: f02667b379e2fb5916c3cda2cf31e0eb885d79f8
- name: github.com/imdario/mergo
  version: 7c29201646fa3de8506f701213473dd407f19646
- name: github.com/Masterminds/goutils
  version: 41ac8693c5c10a92ea1ff5ac3a7f95646f6123b0
- name: github.com/Masterminds/semver
  version: 59c29afe1a994eacb71c833025ca7acf874bb1da
- name: github.com/Masterminds/sprig
  version: 9f8fceff796fb9f4e992cd2bece016be0121ab74
- name: github.com/mattn/go-colorable
  version: 3a70a971f94a22f2fa562ffcc7a0eb45f5daf045
- name: github.com/mattn/go-isatty
  version: 369ecd8cea9851e459abb67eb171853e3986591e
- name: github.com/op/go-logging
  version: c6b9702d88ba878b81c49272d3fc470593698733
  repo: https://github.com/shenwei356/go-logging.git
- name: github.com/PuerkitoBio/goquery
  version: 3dcf72e6c17f694381a21592651ca1464ded0e10
- name: github.com/sergi/go-diff
  version: da645544ed44df016359bd4c0e3dc60ee3a0da43
  subpackages:
  - diffmatchpatch
- name: golang.org/x/crypto
  version: c2843e01d9a2bc60bb26ad24e09734fdc2d9ec58
  subpackages:
  - pbkdf2
  - scrypt
  - ssh/terminal
- name: golang.org/x/net
  version: d8887717615a059821345a5c23649351b52a1c0b
  subpackages:
  - html
  - html/atom
- name: golang.org/x/sys
  version: c8c8c57fd1e1a977c10821a559dda983a9a9a3b5
  subpackages:
  - unix
  - windows
- name: gopkg.in/alecthomas/kingpin.v2
  version: 947dcec5ba9c011838740e680966fd7087a71d0d
- name: gopkg.in/yaml.v2
  version: 51d6538a90f86fe93ac480b35f37b2be17fef232
testImports:
- name: github.com/davecgh/go-spew
  version: d8f796af33cc11cb798c1aaeb27a4ebc5099927d
  subpackages:
  - spew
- name: github.com/pmezard/go-difflib
  version: 5d4384ee4fb2527b0a1256a821ebfc92f91efefc
  subpackages:
  - difflib
- name: github.com/stretchr/testify
  version: 34c6fa2dc70986bccbbffcc6130f6920a924b075
  subpackages:
  - assert
